
Microsoft Visual Studio Solution File, Format Version 12.00
# Visual Studio Version 16
VisualStudioVersion = 16.0.30717.126
MinimumVisualStudioVersion = 10.0.40219.1
Project("{FAE04EC0-301F-11D3-BF4B-00C04F79EFBC}") = "Libiada.Database", "Libiada.Database\Libiada.Database.csproj", "{A1156A59-0975-4B33-AE46-70377D29BB94}"
EndProject
Project("{FAE04EC0-301F-11D3-BF4B-00C04F79EFBC}") = "Libiada.Database.Tests", "Libiada.Database.Tests\Libiada.Database.Tests.csproj", "{0467A8DE-C079-48A7-A0E8-90CF8DEDB5AA}"
EndProject
Global
	GlobalSection(SolutionConfigurationPlatforms) = preSolution
		Debug|Any CPU = Debug|Any CPU
		Release|Any CPU = Release|Any CPU
	EndGlobalSection
	GlobalSection(ProjectConfigurationPlatforms) = postSolution
		{A1156A59-0975-4B33-AE46-70377D29BB94}.Debug|Any CPU.ActiveCfg = Debug|Any CPU
		{A1156A59-0975-4B33-AE46-70377D29BB94}.Debug|Any CPU.Build.0 = Debug|Any CPU
		{A1156A59-0975-4B33-AE46-70377D29BB94}.Release|Any CPU.ActiveCfg = Release|Any CPU
		{A1156A59-0975-4B33-AE46-70377D29BB94}.Release|Any CPU.Build.0 = Release|Any CPU
		{0467A8DE-C079-48A7-A0E8-90CF8DEDB5AA}.Debug|Any CPU.ActiveCfg = Debug|Any CPU
		{0467A8DE-C079-48A7-A0E8-90CF8DEDB5AA}.Debug|Any CPU.Build.0 = Debug|Any CPU
		{0467A8DE-C079-48A7-A0E8-90CF8DEDB5AA}.Release|Any CPU.ActiveCfg = Release|Any CPU
		{0467A8DE-C079-48A7-A0E8-90CF8DEDB5AA}.Release|Any CPU.Build.0 = Release|Any CPU
	EndGlobalSection
	GlobalSection(SolutionProperties) = preSolution
		HideSolutionNode = FALSE
	EndGlobalSection
	GlobalSection(ExtensibilityGlobals) = postSolution
		SolutionGuid = {58B25DFB-AAC2-4C36-BA01-047AE6EB768E}
	EndGlobalSection
EndGlobal
