
Microsoft Visual Studio Solution File, Format Version 12.00
# Visual Studio Version 17
VisualStudioVersion = 17.8.34330.188
MinimumVisualStudioVersion = 10.0.40219.1
Project("{9A19103F-16F7-4668-BE54-9A1E7A4F7556}") = "Libiada.Database", "Libiada.Database\Libiada.Database.csproj", "{A1156A59-0975-4B33-AE46-70377D29BB94}"
EndProject
Project("{FAE04EC0-301F-11D3-BF4B-00C04F79EFBC}") = "Libiada.Database.Tests", "Libiada.Database.Tests\Libiada.Database.Tests.csproj", "{B901C55D-CFC5-40EA-9CD9-784F3C023E1C}"
EndProject
Global
	GlobalSection(SolutionConfigurationPlatforms) = preSolution
		Debug|Any CPU = Debug|Any CPU
		Release|Any CPU = Release|Any CPU
	EndGlobalSection
	GlobalSection(ProjectConfigurationPlatforms) = postSolution
		{A1156A59-0975-4B33-AE46-70377D29BB94}.Debug|Any CPU.ActiveCfg = Debug|Any CPU
		{A1156A59-0975-4B33-AE46-70377D29BB94}.Debug|Any CPU.Build.0 = Debug|Any CPU
		{A1156A59-0975-4B33-AE46-70377D29BB94}.Release|Any CPU.ActiveCfg = Release|Any CPU
		{A1156A59-0975-4B33-AE46-70377D29BB94}.Release|Any CPU.Build.0 = Release|Any CPU
		{B901C55D-CFC5-40EA-9CD9-784F3C023E1C}.Debug|Any CPU.ActiveCfg = Debug|Any CPU
		{B901C55D-CFC5-40EA-9CD9-784F3C023E1C}.Debug|Any CPU.Build.0 = Debug|Any CPU
		{B901C55D-CFC5-40EA-9CD9-784F3C023E1C}.Release|Any CPU.ActiveCfg = Release|Any CPU
		{B901C55D-CFC5-40EA-9CD9-784F3C023E1C}.Release|Any CPU.Build.0 = Release|Any CPU
	EndGlobalSection
	GlobalSection(SolutionProperties) = preSolution
		HideSolutionNode = FALSE
	EndGlobalSection
	GlobalSection(ExtensibilityGlobals) = postSolution
		SolutionGuid = {58B25DFB-AAC2-4C36-BA01-047AE6EB768E}
	EndGlobalSection
EndGlobal
